
Microsoft Visual Studio Solution File, Format Version 12.00
# Visual Studio Version 16
VisualStudioVersion = 16.0.31019.35
MinimumVisualStudioVersion = 10.0.40219.1
Project("{FAE04EC0-301F-11D3-BF4B-00C04F79EFBC}") = "FatfsToSpiffsConverter", "FatfsToSpiffsConverter\FatfsToSpiffsConverter.csproj", "{FCD14A66-2BCA-4D9E-8DF6-415041DDA206}"
EndProject
Project("{54435603-DBB4-11D2-8724-00A0C9A8B90C}") = "SetupWizard", "SetupWizard\SetupWizard.vdproj", "{548861BC-C455-41E5-96B1-93889BFA4F44}"
EndProject
Global
	GlobalSection(SolutionConfigurationPlatforms) = preSolution
		Debug|Any CPU = Debug|Any CPU
		Release|Any CPU = Release|Any CPU
	EndGlobalSection
	GlobalSection(ProjectConfigurationPlatforms) = postSolution
		{FCD14A66-2BCA-4D9E-8DF6-415041DDA206}.Debug|Any CPU.ActiveCfg = Debug|Any CPU
		{FCD14A66-2BCA-4D9E-8DF6-415041DDA206}.Debug|Any CPU.Build.0 = Debug|Any CPU
		{FCD14A66-2BCA-4D9E-8DF6-415041DDA206}.Release|Any CPU.ActiveCfg = Release|Any CPU
		{FCD14A66-2BCA-4D9E-8DF6-415041DDA206}.Release|Any CPU.Build.0 = Release|Any CPU
		{548861BC-C455-41E5-96B1-93889BFA4F44}.Debug|Any CPU.ActiveCfg = Debug
		{548861BC-C455-41E5-96B1-93889BFA4F44}.Release|Any CPU.ActiveCfg = Release
		{548861BC-C455-41E5-96B1-93889BFA4F44}.Release|Any CPU.Build.0 = Release
	EndGlobalSection
	GlobalSection(SolutionProperties) = preSolution
		HideSolutionNode = FALSE
	EndGlobalSection
	GlobalSection(ExtensibilityGlobals) = postSolution
		SolutionGuid = {417D94B3-DE8F-49DD-8605-7053C3F6E2E3}
	EndGlobalSection
EndGlobal
